
Microsoft Visual Studio Solution File, Format Version 12.00
# Visual Studio 14
VisualStudioVersion = 14.0.25420.1
MinimumVisualStudioVersion = 10.0.40219.1
Project("{FAE04EC0-301F-11D3-BF4B-00C04F79EFBC}") = "Cap10ListasOrdenadas", "Cap10ListasOrdenadas\Cap10ListasOrdenadas.csproj", "{EEDC84D8-4EDC-4286-A2D4-79113D683B9B}"
EndProject
Global
	GlobalSection(SolutionConfigurationPlatforms) = preSolution
		Debug|Any CPU = Debug|Any CPU
		Release|Any CPU = Release|Any CPU
	EndGlobalSection
	GlobalSection(ProjectConfigurationPlatforms) = postSolution
		{EEDC84D8-4EDC-4286-A2D4-79113D683B9B}.Debug|Any CPU.ActiveCfg = Debug|Any CPU
		{EEDC84D8-4EDC-4286-A2D4-79113D683B9B}.Debug|Any CPU.Build.0 = Debug|Any CPU
		{EEDC84D8-4EDC-4286-A2D4-79113D683B9B}.Release|Any CPU.ActiveCfg = Release|Any CPU
		{EEDC84D8-4EDC-4286-A2D4-79113D683B9B}.Release|Any CPU.Build.0 = Release|Any CPU
	EndGlobalSection
	GlobalSection(SolutionProperties) = preSolution
		HideSolutionNode = FALSE
	EndGlobalSection
EndGlobal
